
Microsoft Visual Studio Solution File, Format Version 12.00
# Visual Studio Version 17
VisualStudioVersion = 17.1.32414.318
MinimumVisualStudioVersion = 10.0.40219.1
Project("{FAE04EC0-301F-11D3-BF4B-00C04F79EFBC}") = "Math Quiz", "Math Quiz\Math Quiz.csproj", "{060D54C3-259A-467D-8726-3E8674210DE1}"
EndProject
Global
	GlobalSection(SolutionConfigurationPlatforms) = preSolution
		Debug|Any CPU = Debug|Any CPU
		Release|Any CPU = Release|Any CPU
	EndGlobalSection
	GlobalSection(ProjectConfigurationPlatforms) = postSolution
		{060D54C3-259A-467D-8726-3E8674210DE1}.Debug|Any CPU.ActiveCfg = Debug|Any CPU
		{060D54C3-259A-467D-8726-3E8674210DE1}.Debug|Any CPU.Build.0 = Debug|Any CPU
		{060D54C3-259A-467D-8726-3E8674210DE1}.Release|Any CPU.ActiveCfg = Release|Any CPU
		{060D54C3-259A-467D-8726-3E8674210DE1}.Release|Any CPU.Build.0 = Release|Any CPU
	EndGlobalSection
	GlobalSection(SolutionProperties) = preSolution
		HideSolutionNode = FALSE
	EndGlobalSection
	GlobalSection(ExtensibilityGlobals) = postSolution
		SolutionGuid = {2A176E45-87EF-4320-B129-83BC4C945B60}
	EndGlobalSection
EndGlobal
